
Microsoft Visual Studio Solution File, Format Version 12.00
# Visual Studio 15
VisualStudioVersion = 15.0.27130.2003
MinimumVisualStudioVersion = 10.0.40219.1
Project("{FAE04EC0-301F-11D3-BF4B-00C04F79EFBC}") = "TestApp", "TestApp\TestApp.csproj", "{3BEACC2A-C61B-4BD7-867D-849F691223A5}"
EndProject
Global
	GlobalSection(SolutionConfigurationPlatforms) = preSolution
		Debug|Any CPU = Debug|Any CPU
		Release|Any CPU = Release|Any CPU
	EndGlobalSection
	GlobalSection(ProjectConfigurationPlatforms) = postSolution
		{3BEACC2A-C61B-4BD7-867D-849F691223A5}.Debug|Any CPU.ActiveCfg = Debug|Any CPU
		{3BEACC2A-C61B-4BD7-867D-849F691223A5}.Debug|Any CPU.Build.0 = Debug|Any CPU
		{3BEACC2A-C61B-4BD7-867D-849F691223A5}.Release|Any CPU.ActiveCfg = Release|Any CPU
		{3BEACC2A-C61B-4BD7-867D-849F691223A5}.Release|Any CPU.Build.0 = Release|Any CPU
	EndGlobalSection
	GlobalSection(SolutionProperties) = preSolution
		HideSolutionNode = FALSE
	EndGlobalSection
	GlobalSection(ExtensibilityGlobals) = postSolution
		SolutionGuid = {6B4EEA99-83BB-4A8C-8379-1CECE5941860}
	EndGlobalSection
EndGlobal
